
Microsoft Visual Studio Solution File, Format Version 12.00
# Visual Studio Version 17
VisualStudioVersion = 17.8.34316.72
MinimumVisualStudioVersion = 10.0.40219.1
Project("{FAE04EC0-301F-11D3-BF4B-00C04F79EFBC}") = "Grade point", "WinFormsApp1\Grade point.csproj", "{07AF6DD3-2672-4DF3-991A-7E6F4261BBFF}"
EndProject
Global
	GlobalSection(SolutionConfigurationPlatforms) = preSolution
		Debug|Any CPU = Debug|Any CPU
		Release|Any CPU = Release|Any CPU
	EndGlobalSection
	GlobalSection(ProjectConfigurationPlatforms) = postSolution
		{07AF6DD3-2672-4DF3-991A-7E6F4261BBFF}.Debug|Any CPU.ActiveCfg = Debug|Any CPU
		{07AF6DD3-2672-4DF3-991A-7E6F4261BBFF}.Debug|Any CPU.Build.0 = Debug|Any CPU
		{07AF6DD3-2672-4DF3-991A-7E6F4261BBFF}.Release|Any CPU.ActiveCfg = Release|Any CPU
		{07AF6DD3-2672-4DF3-991A-7E6F4261BBFF}.Release|Any CPU.Build.0 = Release|Any CPU
	EndGlobalSection
	GlobalSection(SolutionProperties) = preSolution
		HideSolutionNode = FALSE
	EndGlobalSection
	GlobalSection(ExtensibilityGlobals) = postSolution
		SolutionGuid = {F0D749C4-FB58-4938-A853-65159CA6B8AA}
	EndGlobalSection
EndGlobal
